
Microsoft Visual Studio Solution File, Format Version 12.00
# Visual Studio Version 16
VisualStudioVersion = 16.0.30621.155
MinimumVisualStudioVersion = 10.0.40219.1
Project("{9A19103F-16F7-4668-BE54-9A1E7A4F7556}") = "Sharpnado.Presentation.Forms", "Sharpnado.Presentation.Forms\Sharpnado.Presentation.Forms.csproj", "{76625DCB-B2F9-4E7E-AE80-B657AE9D2566}"
EndProject
Project("{FAE04EC0-301F-11D3-BF4B-00C04F79EFBC}") = "Sharpnado.Presentation.Forms.Droid", "Sharpnado.Presentation.Forms.Droid\Sharpnado.Presentation.Forms.Droid.csproj", "{5C880A51-9E8A-42A9-9FA5-10BC7D3E9FFC}"
EndProject
Project("{FAE04EC0-301F-11D3-BF4B-00C04F79EFBC}") = "Sharpnado.Presentation.Forms.iOS", "Sharpnado.Presentation.Forms.iOS\Sharpnado.Presentation.Forms.iOS.csproj", "{E71F3053-056C-4381-9638-048ED73BDFF6}"
EndProject
Project("{2150E333-8FDC-42A3-9474-1A3956D46DE8}") = "Samples", "Samples", "{8CB48033-BE95-414B-9B59-16038B284788}"
EndProject
Project("{9A19103F-16F7-4668-BE54-9A1E7A4F7556}") = "DragAndDropSample", "DragAndDropSample\DragAndDropSample\DragAndDropSample.csproj", "{55F41B9B-D1D7-42A3-8E77-A12A42E8A808}"
EndProject
Project("{FAE04EC0-301F-11D3-BF4B-00C04F79EFBC}") = "DragAndDropSample.Android", "DragAndDropSample\DragAndDropSample.Android\DragAndDropSample.Android.csproj", "{A07EEB14-ECD1-4D9F-8819-FC1B1FC06001}"
EndProject
Project("{FAE04EC0-301F-11D3-BF4B-00C04F79EFBC}") = "DragAndDropSample.iOS", "DragAndDropSample\DragAndDropSample.iOS\DragAndDropSample.iOS.csproj", "{57551E87-1A59-4AF0-8012-BA65C96BA8DC}"
EndProject
Project("{2150E333-8FDC-42A3-9474-1A3956D46DE8}") = "Configuration", "Configuration", "{5BE3FB50-251F-4E15-833D-CA80196607DB}"
	ProjectSection(SolutionItems) = preProject
		AssemblyInfo.targets = AssemblyInfo.targets
		make-hlv-packages.ps1 = make-hlv-packages.ps1
		Sharpnado.Forms.HorizontalListView.nuspec = Sharpnado.Forms.HorizontalListView.nuspec
		StyleCopRules.ruleset = StyleCopRules.ruleset
	EndProjectSection
EndProject
Global
	GlobalSection(SolutionConfigurationPlatforms) = preSolution
		Debug|Any CPU = Debug|Any CPU
		Release|Any CPU = Release|Any CPU
	EndGlobalSection
	GlobalSection(ProjectConfigurationPlatforms) = postSolution
		{76625DCB-B2F9-4E7E-AE80-B657AE9D2566}.Debug|Any CPU.ActiveCfg = Debug|Any CPU
		{76625DCB-B2F9-4E7E-AE80-B657AE9D2566}.Debug|Any CPU.Build.0 = Debug|Any CPU
		{76625DCB-B2F9-4E7E-AE80-B657AE9D2566}.Release|Any CPU.ActiveCfg = Release|Any CPU
		{76625DCB-B2F9-4E7E-AE80-B657AE9D2566}.Release|Any CPU.Build.0 = Release|Any CPU
		{5C880A51-9E8A-42A9-9FA5-10BC7D3E9FFC}.Debug|Any CPU.ActiveCfg = Debug|Any CPU
		{5C880A51-9E8A-42A9-9FA5-10BC7D3E9FFC}.Debug|Any CPU.Build.0 = Debug|Any CPU
		{5C880A51-9E8A-42A9-9FA5-10BC7D3E9FFC}.Release|Any CPU.ActiveCfg = Release|Any CPU
		{5C880A51-9E8A-42A9-9FA5-10BC7D3E9FFC}.Release|Any CPU.Build.0 = Release|Any CPU
		{E71F3053-056C-4381-9638-048ED73BDFF6}.Debug|Any CPU.ActiveCfg = Debug|Any CPU
		{E71F3053-056C-4381-9638-048ED73BDFF6}.Debug|Any CPU.Build.0 = Debug|Any CPU
		{E71F3053-056C-4381-9638-048ED73BDFF6}.Release|Any CPU.ActiveCfg = Release|Any CPU
		{E71F3053-056C-4381-9638-048ED73BDFF6}.Release|Any CPU.Build.0 = Release|Any CPU
		{55F41B9B-D1D7-42A3-8E77-A12A42E8A808}.Debug|Any CPU.ActiveCfg = Debug|Any CPU
		{55F41B9B-D1D7-42A3-8E77-A12A42E8A808}.Debug|Any CPU.Build.0 = Debug|Any CPU
		{55F41B9B-D1D7-42A3-8E77-A12A42E8A808}.Release|Any CPU.ActiveCfg = Release|Any CPU
		{55F41B9B-D1D7-42A3-8E77-A12A42E8A808}.Release|Any CPU.Build.0 = Release|Any CPU
		{A07EEB14-ECD1-4D9F-8819-FC1B1FC06001}.Debug|Any CPU.ActiveCfg = Debug|Any CPU
		{A07EEB14-ECD1-4D9F-8819-FC1B1FC06001}.Debug|Any CPU.Build.0 = Debug|Any CPU
		{A07EEB14-ECD1-4D9F-8819-FC1B1FC06001}.Release|Any CPU.ActiveCfg = Release|Any CPU
		{A07EEB14-ECD1-4D9F-8819-FC1B1FC06001}.Release|Any CPU.Build.0 = Release|Any CPU
		{57551E87-1A59-4AF0-8012-BA65C96BA8DC}.Debug|Any CPU.ActiveCfg = Debug|iPhoneSimulator
		{57551E87-1A59-4AF0-8012-BA65C96BA8DC}.Debug|Any CPU.Build.0 = Debug|iPhoneSimulator
		{57551E87-1A59-4AF0-8012-BA65C96BA8DC}.Release|Any CPU.ActiveCfg = Release|iPhoneSimulator
		{57551E87-1A59-4AF0-8012-BA65C96BA8DC}.Release|Any CPU.Build.0 = Release|iPhoneSimulator
	EndGlobalSection
	GlobalSection(SolutionProperties) = preSolution
		HideSolutionNode = FALSE
	EndGlobalSection
	GlobalSection(NestedProjects) = preSolution
		{55F41B9B-D1D7-42A3-8E77-A12A42E8A808} = {8CB48033-BE95-414B-9B59-16038B284788}
		{A07EEB14-ECD1-4D9F-8819-FC1B1FC06001} = {8CB48033-BE95-414B-9B59-16038B284788}
		{57551E87-1A59-4AF0-8012-BA65C96BA8DC} = {8CB48033-BE95-414B-9B59-16038B284788}
	EndGlobalSection
	GlobalSection(ExtensibilityGlobals) = postSolution
		SolutionGuid = {340B55C9-6E96-411A-8AB4-12C8D3EBCD7B}
	EndGlobalSection
EndGlobal
